
Microsoft Visual Studio Solution File, Format Version 12.00
# Visual Studio Version 17
VisualStudioVersion = 17.14.36518.9 d17.14
MinimumVisualStudioVersion = 10.0.40219.1
Project("{8BC9CEB8-8B4A-11D0-8D11-00A0C91BC942}") = "Assignment-2_24L-3012_BSE-3A", "Assignment-2_24L-3012_BSE-3A.vcxproj", "{86719BED-ADF7-49DA-BF3B-B8FF47EE2DB8}"
EndProject
Global
	GlobalSection(SolutionConfigurationPlatforms) = preSolution
		Debug|x64 = Debug|x64
		Debug|x86 = Debug|x86
		Release|x64 = Release|x64
		Release|x86 = Release|x86
	EndGlobalSection
	GlobalSection(ProjectConfigurationPlatforms) = postSolution
		{86719BED-ADF7-49DA-BF3B-B8FF47EE2DB8}.Debug|x64.ActiveCfg = Debug|x64
		{86719BED-ADF7-49DA-BF3B-B8FF47EE2DB8}.Debug|x64.Build.0 = Debug|x64
		{86719BED-ADF7-49DA-BF3B-B8FF47EE2DB8}.Debug|x86.ActiveCfg = Debug|Win32
		{86719BED-ADF7-49DA-BF3B-B8FF47EE2DB8}.Debug|x86.Build.0 = Debug|Win32
		{86719BED-ADF7-49DA-BF3B-B8FF47EE2DB8}.Release|x64.ActiveCfg = Release|x64
		{86719BED-ADF7-49DA-BF3B-B8FF47EE2DB8}.Release|x64.Build.0 = Release|x64
		{86719BED-ADF7-49DA-BF3B-B8FF47EE2DB8}.Release|x86.ActiveCfg = Release|Win32
		{86719BED-ADF7-49DA-BF3B-B8FF47EE2DB8}.Release|x86.Build.0 = Release|Win32
	EndGlobalSection
	GlobalSection(SolutionProperties) = preSolution
		HideSolutionNode = FALSE
	EndGlobalSection
	GlobalSection(ExtensibilityGlobals) = postSolution
		SolutionGuid = {CB08E96F-3B30-4B1C-AB5C-4578F1B4139A}
	EndGlobalSection
EndGlobal
